
Microsoft Visual Studio Solution File, Format Version 12.00
# Visual Studio Version 17
VisualStudioVersion = 17.0.31903.59
MinimumVisualStudioVersion = 10.0.40219.1
Project("{9A19103F-16F7-4668-BE54-9A1E7A4F7556}") = "LibraSoftCMS", "LibraSoftCMS\LibraSoftCMS.csproj", "{D9ACCD41-F36D-4B4F-B87B-91CE98A43182}"
EndProject
Project("{9A19103F-16F7-4668-BE54-9A1E7A4F7556}") = "LibraSoftSolution.ViewModels", "DLL\LibraSoftSolution.Models\LibraSoftSolution.ViewModels.csproj", "{7FBFB394-B039-452D-9146-E1CEF362D6E8}"
EndProject
Project("{9A19103F-16F7-4668-BE54-9A1E7A4F7556}") = "LibraSoftSolution.API", "DLL\LibraSoftSolution\LibraSoftSolution.API.csproj", "{B4026571-EBE4-44D3-971F-0BA674F0722A}"
EndProject
Global
	GlobalSection(SolutionConfigurationPlatforms) = preSolution
		Debug|Any CPU = Debug|Any CPU
		Release|Any CPU = Release|Any CPU
	EndGlobalSection
	GlobalSection(ProjectConfigurationPlatforms) = postSolution
		{D9ACCD41-F36D-4B4F-B87B-91CE98A43182}.Debug|Any CPU.ActiveCfg = Debug|Any CPU
		{D9ACCD41-F36D-4B4F-B87B-91CE98A43182}.Debug|Any CPU.Build.0 = Debug|Any CPU
		{D9ACCD41-F36D-4B4F-B87B-91CE98A43182}.Release|Any CPU.ActiveCfg = Release|Any CPU
		{D9ACCD41-F36D-4B4F-B87B-91CE98A43182}.Release|Any CPU.Build.0 = Release|Any CPU
		{7FBFB394-B039-452D-9146-E1CEF362D6E8}.Debug|Any CPU.ActiveCfg = Debug|Any CPU
		{7FBFB394-B039-452D-9146-E1CEF362D6E8}.Debug|Any CPU.Build.0 = Debug|Any CPU
		{7FBFB394-B039-452D-9146-E1CEF362D6E8}.Release|Any CPU.ActiveCfg = Release|Any CPU
		{7FBFB394-B039-452D-9146-E1CEF362D6E8}.Release|Any CPU.Build.0 = Release|Any CPU
		{B4026571-EBE4-44D3-971F-0BA674F0722A}.Debug|Any CPU.ActiveCfg = Debug|Any CPU
		{B4026571-EBE4-44D3-971F-0BA674F0722A}.Debug|Any CPU.Build.0 = Debug|Any CPU
		{B4026571-EBE4-44D3-971F-0BA674F0722A}.Release|Any CPU.ActiveCfg = Release|Any CPU
		{B4026571-EBE4-44D3-971F-0BA674F0722A}.Release|Any CPU.Build.0 = Release|Any CPU
	EndGlobalSection
	GlobalSection(SolutionProperties) = preSolution
		HideSolutionNode = FALSE
	EndGlobalSection
	GlobalSection(ExtensibilityGlobals) = postSolution
		SolutionGuid = {A92EB972-7289-425A-95AA-69DE0CEA5C39}
	EndGlobalSection
EndGlobal
