
Microsoft Visual Studio Solution File, Format Version 12.00
# Visual Studio Version 17
VisualStudioVersion = 17.2.32526.322
MinimumVisualStudioVersion = 10.0.40219.1
Project("{9A19103F-16F7-4668-BE54-9A1E7A4F7556}") = "Librasoft-API", "Librasoft-API\Librasoft-API.csproj", "{A59F3686-D048-4671-879D-6659BEE77BAF}"
EndProject
Project("{FAE04EC0-301F-11D3-BF4B-00C04F79EFBC}") = "Librasoft.Services", "Librasoft.Services\Librasoft.Services.csproj", "{0685D66F-E180-4EDE-8B8F-9CF19E598431}"
EndProject
Project("{FAE04EC0-301F-11D3-BF4B-00C04F79EFBC}") = "Librasoft.DataAccess", "Librasoft.DataAccess\Librasoft.DataAccess.csproj", "{4C32A7A1-EBAA-4B6A-90AE-0D9EC4278CB3}"
EndProject
Project("{FAE04EC0-301F-11D3-BF4B-00C04F79EFBC}") = "Librasoft.Entities", "Librasoft.Entities\Librasoft.Entities.csproj", "{755DC377-26C4-4976-9420-D6C24F8671DB}"
EndProject
Project("{FAE04EC0-301F-11D3-BF4B-00C04F79EFBC}") = "Librasoft.Infrastructure", "Librasoft.Infrastructure\Librasoft.Infrastructure.csproj", "{7D9D142B-A1A5-45A4-A1AF-032302B1F321}"
EndProject
Global
	GlobalSection(SolutionConfigurationPlatforms) = preSolution
		Debug|Any CPU = Debug|Any CPU
		Release|Any CPU = Release|Any CPU
	EndGlobalSection
	GlobalSection(ProjectConfigurationPlatforms) = postSolution
		{A59F3686-D048-4671-879D-6659BEE77BAF}.Debug|Any CPU.ActiveCfg = Debug|Any CPU
		{A59F3686-D048-4671-879D-6659BEE77BAF}.Debug|Any CPU.Build.0 = Debug|Any CPU
		{A59F3686-D048-4671-879D-6659BEE77BAF}.Release|Any CPU.ActiveCfg = Release|Any CPU
		{A59F3686-D048-4671-879D-6659BEE77BAF}.Release|Any CPU.Build.0 = Release|Any CPU
		{0685D66F-E180-4EDE-8B8F-9CF19E598431}.Debug|Any CPU.ActiveCfg = Debug|Any CPU
		{0685D66F-E180-4EDE-8B8F-9CF19E598431}.Debug|Any CPU.Build.0 = Debug|Any CPU
		{0685D66F-E180-4EDE-8B8F-9CF19E598431}.Release|Any CPU.ActiveCfg = Release|Any CPU
		{0685D66F-E180-4EDE-8B8F-9CF19E598431}.Release|Any CPU.Build.0 = Release|Any CPU
		{4C32A7A1-EBAA-4B6A-90AE-0D9EC4278CB3}.Debug|Any CPU.ActiveCfg = Debug|Any CPU
		{4C32A7A1-EBAA-4B6A-90AE-0D9EC4278CB3}.Debug|Any CPU.Build.0 = Debug|Any CPU
		{4C32A7A1-EBAA-4B6A-90AE-0D9EC4278CB3}.Release|Any CPU.ActiveCfg = Release|Any CPU
		{4C32A7A1-EBAA-4B6A-90AE-0D9EC4278CB3}.Release|Any CPU.Build.0 = Release|Any CPU
		{755DC377-26C4-4976-9420-D6C24F8671DB}.Debug|Any CPU.ActiveCfg = Debug|Any CPU
		{755DC377-26C4-4976-9420-D6C24F8671DB}.Debug|Any CPU.Build.0 = Debug|Any CPU
		{755DC377-26C4-4976-9420-D6C24F8671DB}.Release|Any CPU.ActiveCfg = Release|Any CPU
		{755DC377-26C4-4976-9420-D6C24F8671DB}.Release|Any CPU.Build.0 = Release|Any CPU
		{7D9D142B-A1A5-45A4-A1AF-032302B1F321}.Debug|Any CPU.ActiveCfg = Debug|Any CPU
		{7D9D142B-A1A5-45A4-A1AF-032302B1F321}.Debug|Any CPU.Build.0 = Debug|Any CPU
		{7D9D142B-A1A5-45A4-A1AF-032302B1F321}.Release|Any CPU.ActiveCfg = Release|Any CPU
		{7D9D142B-A1A5-45A4-A1AF-032302B1F321}.Release|Any CPU.Build.0 = Release|Any CPU
	EndGlobalSection
	GlobalSection(SolutionProperties) = preSolution
		HideSolutionNode = FALSE
	EndGlobalSection
	GlobalSection(ExtensibilityGlobals) = postSolution
		SolutionGuid = {387848B4-D6E8-4288-A40E-239E9189DEF3}
	EndGlobalSection
EndGlobal
