
Microsoft Visual Studio Solution File, Format Version 12.00
# Visual Studio Version 17
VisualStudioVersion = 17.0.31903.59
MinimumVisualStudioVersion = 10.0.40219.1
Project("{FAE04EC0-301F-11D3-BF4B-00C04F79EFBC}") = "LibraSoftWeb", "LibraSoftWeb\LibraSoftWeb.csproj", "{5E1A40A7-A9AF-4626-8979-B7B215687143}"
EndProject
Global
	GlobalSection(SolutionConfigurationPlatforms) = preSolution
		Debug|Any CPU = Debug|Any CPU
		Release|Any CPU = Release|Any CPU
	EndGlobalSection
	GlobalSection(ProjectConfigurationPlatforms) = postSolution
		{5E1A40A7-A9AF-4626-8979-B7B215687143}.Debug|Any CPU.ActiveCfg = Debug|Any CPU
		{5E1A40A7-A9AF-4626-8979-B7B215687143}.Debug|Any CPU.Build.0 = Debug|Any CPU
		{5E1A40A7-A9AF-4626-8979-B7B215687143}.Release|Any CPU.ActiveCfg = Release|Any CPU
		{5E1A40A7-A9AF-4626-8979-B7B215687143}.Release|Any CPU.Build.0 = Release|Any CPU
	EndGlobalSection
	GlobalSection(SolutionProperties) = preSolution
		HideSolutionNode = FALSE
	EndGlobalSection
	GlobalSection(ExtensibilityGlobals) = postSolution
		SolutionGuid = {D4B31EFC-1972-498F-8AD6-21E90299C0B4}
	EndGlobalSection
EndGlobal
