
Microsoft Visual Studio Solution File, Format Version 12.00
# Visual Studio Version 17
VisualStudioVersion = 17.0.31903.59
MinimumVisualStudioVersion = 10.0.40219.1
Project("{FAE04EC0-301F-11D3-BF4B-00C04F79EFBC}") = "LibraSoft-WebsiteFin", "LibraSoft-WebsiteFin\LibraSoft-WebsiteFin.csproj", "{AB56F36D-6922-49FA-93A1-E844DCE66465}"
EndProject
Global
	GlobalSection(SolutionConfigurationPlatforms) = preSolution
		Debug|Any CPU = Debug|Any CPU
		Release|Any CPU = Release|Any CPU
	EndGlobalSection
	GlobalSection(ProjectConfigurationPlatforms) = postSolution
		{AB56F36D-6922-49FA-93A1-E844DCE66465}.Debug|Any CPU.ActiveCfg = Debug|Any CPU
		{AB56F36D-6922-49FA-93A1-E844DCE66465}.Debug|Any CPU.Build.0 = Debug|Any CPU
		{AB56F36D-6922-49FA-93A1-E844DCE66465}.Release|Any CPU.ActiveCfg = Release|Any CPU
		{AB56F36D-6922-49FA-93A1-E844DCE66465}.Release|Any CPU.Build.0 = Release|Any CPU
	EndGlobalSection
	GlobalSection(SolutionProperties) = preSolution
		HideSolutionNode = FALSE
	EndGlobalSection
	GlobalSection(ExtensibilityGlobals) = postSolution
		SolutionGuid = {616B11F0-F5A1-4820-A7C8-74FD68379E90}
	EndGlobalSection
EndGlobal
