
Microsoft Visual Studio Solution File, Format Version 12.00
# Visual Studio Version 17
VisualStudioVersion = 17.0.31903.59
MinimumVisualStudioVersion = 10.0.40219.1
Project("{9A19103F-16F7-4668-BE54-9A1E7A4F7556}") = "LibraSoftSolution", "LibraSoftSolution\LibraSoftSolution.csproj", "{35616B53-516D-48BC-AE57-006BC3B18732}"
EndProject
Project("{9A19103F-16F7-4668-BE54-9A1E7A4F7556}") = "LibraSoftSolution.API", "DLL\LibraSoftSolution\LibraSoftSolution.API.csproj", "{486D7C87-95EB-48E6-A1D0-19C189372D55}"
EndProject
Project("{9A19103F-16F7-4668-BE54-9A1E7A4F7556}") = "LibraSoftSolution.ViewModels", "DLL\LibraSoftSolution.Models\LibraSoftSolution.ViewModels.csproj", "{4F487A3A-6920-4990-A591-19351CEFBBB0}"
EndProject
Global
	GlobalSection(SolutionConfigurationPlatforms) = preSolution
		Debug|Any CPU = Debug|Any CPU
		Release|Any CPU = Release|Any CPU
	EndGlobalSection
	GlobalSection(ProjectConfigurationPlatforms) = postSolution
		{35616B53-516D-48BC-AE57-006BC3B18732}.Debug|Any CPU.ActiveCfg = Debug|Any CPU
		{35616B53-516D-48BC-AE57-006BC3B18732}.Debug|Any CPU.Build.0 = Debug|Any CPU
		{35616B53-516D-48BC-AE57-006BC3B18732}.Release|Any CPU.ActiveCfg = Release|Any CPU
		{35616B53-516D-48BC-AE57-006BC3B18732}.Release|Any CPU.Build.0 = Release|Any CPU
		{486D7C87-95EB-48E6-A1D0-19C189372D55}.Debug|Any CPU.ActiveCfg = Debug|Any CPU
		{486D7C87-95EB-48E6-A1D0-19C189372D55}.Debug|Any CPU.Build.0 = Debug|Any CPU
		{486D7C87-95EB-48E6-A1D0-19C189372D55}.Release|Any CPU.ActiveCfg = Release|Any CPU
		{486D7C87-95EB-48E6-A1D0-19C189372D55}.Release|Any CPU.Build.0 = Release|Any CPU
		{4F487A3A-6920-4990-A591-19351CEFBBB0}.Debug|Any CPU.ActiveCfg = Debug|Any CPU
		{4F487A3A-6920-4990-A591-19351CEFBBB0}.Debug|Any CPU.Build.0 = Debug|Any CPU
		{4F487A3A-6920-4990-A591-19351CEFBBB0}.Release|Any CPU.ActiveCfg = Release|Any CPU
		{4F487A3A-6920-4990-A591-19351CEFBBB0}.Release|Any CPU.Build.0 = Release|Any CPU
	EndGlobalSection
	GlobalSection(SolutionProperties) = preSolution
		HideSolutionNode = FALSE
	EndGlobalSection
	GlobalSection(ExtensibilityGlobals) = postSolution
		SolutionGuid = {637EC17C-D604-4DDC-8268-4543F5E305BF}
	EndGlobalSection
EndGlobal
