
Microsoft Visual Studio Solution File, Format Version 12.00
# Visual Studio Version 17
VisualStudioVersion = 17.0.31903.59
MinimumVisualStudioVersion = 10.0.40219.1
Project("{FAE04EC0-301F-11D3-BF4B-00C04F79EFBC}") = "LibraSoftSolution", "LibraSoftSolution\LibraSoftSolution.csproj", "{35616B53-516D-48BC-AE57-006BC3B18732}"
EndProject
Global
	GlobalSection(SolutionConfigurationPlatforms) = preSolution
		Debug|Any CPU = Debug|Any CPU
		Release|Any CPU = Release|Any CPU
	EndGlobalSection
	GlobalSection(ProjectConfigurationPlatforms) = postSolution
		{35616B53-516D-48BC-AE57-006BC3B18732}.Debug|Any CPU.ActiveCfg = Debug|Any CPU
		{35616B53-516D-48BC-AE57-006BC3B18732}.Debug|Any CPU.Build.0 = Debug|Any CPU
		{35616B53-516D-48BC-AE57-006BC3B18732}.Release|Any CPU.ActiveCfg = Release|Any CPU
		{35616B53-516D-48BC-AE57-006BC3B18732}.Release|Any CPU.Build.0 = Release|Any CPU
	EndGlobalSection
	GlobalSection(SolutionProperties) = preSolution
		HideSolutionNode = FALSE
	EndGlobalSection
	GlobalSection(ExtensibilityGlobals) = postSolution
		SolutionGuid = {637EC17C-D604-4DDC-8268-4543F5E305BF}
	EndGlobalSection
EndGlobal
